
Microsoft Visual Studio Solution File, Format Version 12.00
# Visual Studio 15
VisualStudioVersion = 15.0.28307.489
MinimumVisualStudioVersion = 10.0.40219.1
Project("{2150E333-8FDC-42A3-9474-1A3956D46DE8}") = "Application", "Application", "{B335A1BF-91D4-4723-B19E-86A9551F3A6D}"
EndProject
Project("{9A19103F-16F7-4668-BE54-9A1E7A4F7556}") = "PiWol.WebApp", "src\PiWol.WebApp\PiWol.WebApp.csproj", "{B3708BA0-D07C-49A6-B094-0CDF14E03F22}"
EndProject
Project("{2150E333-8FDC-42A3-9474-1A3956D46DE8}") = "FrontendService", "FrontendService", "{2C456F44-9FB4-40AD-B78C-93E6678D239D}"
EndProject
Project("{2150E333-8FDC-42A3-9474-1A3956D46DE8}") = "WakeOnLanService", "WakeOnLanService", "{C922F011-7513-4FF0-BCE4-DFD1A16D9807}"
EndProject
Project("{9A19103F-16F7-4668-BE54-9A1E7A4F7556}") = "PiWol.WakeOnLanService", "src\PiWol.WakeOnLanService\PiWol.WakeOnLanService.csproj", "{C404B65C-C977-4903-81AD-AA67D9DBD489}"
EndProject
Project("{9A19103F-16F7-4668-BE54-9A1E7A4F7556}") = "PiWol.WakeOnLanService.Abstraction", "src\PiWol.WakeOnLanService.Abstraction\PiWol.WakeOnLanService.Abstraction.csproj", "{8225E9EF-749A-493F-A5F2-1C50A3EFBE9A}"
EndProject
Project("{9A19103F-16F7-4668-BE54-9A1E7A4F7556}") = "PiWol.WakeOnLanService.WebApp", "src\PiWol.WakeOnLanService.WebApp\PiWol.WakeOnLanService.WebApp.csproj", "{3F87BB3A-E321-4958-A6D8-5704B68BB0CB}"
EndProject
Project("{2150E333-8FDC-42A3-9474-1A3956D46DE8}") = "Core", "Core", "{0238AD12-1295-48B4-9255-8867D7E0A8D6}"
EndProject
Project("{9A19103F-16F7-4668-BE54-9A1E7A4F7556}") = "PiWol.Core", "src\PiWol.Core\PiWol.Core.csproj", "{1F45D4DA-1827-43E2-A08E-38CF2F7279F0}"
EndProject
Project("{9A19103F-16F7-4668-BE54-9A1E7A4F7556}") = "PiWol.WakeOnLanService.Data", "src\PiWol.WakeOnLanService.Data\PiWol.WakeOnLanService.Data.csproj", "{6F25B19C-1A08-4563-A41D-B6ADC419C2BE}"
EndProject
Project("{9A19103F-16F7-4668-BE54-9A1E7A4F7556}") = "PiWol.WakeOnLanService.Data.Setup", "src\PiWol.WakeOnLanService.Data.Setup\PiWol.WakeOnLanService.Data.Setup.csproj", "{C4698848-7F80-4AA5-B0B1-58B3F20FE053}"
EndProject
Project("{9A19103F-16F7-4668-BE54-9A1E7A4F7556}") = "PiWol.WakeOnLanService.Data.Abstraction", "src\PiWol.WakeOnLanService.Data.Abstraction\PiWol.WakeOnLanService.Data.Abstraction.csproj", "{376B041B-2B7D-49C2-8172-D6988E69C062}"
EndProject
Project("{9A19103F-16F7-4668-BE54-9A1E7A4F7556}") = "PiWol.WakeOnLanService.Infrastructure.Network", "src\PiWol.WakeOnLanService.Infrastructure.Network\PiWol.WakeOnLanService.Infrastructure.Network.csproj", "{A04BE19E-1BF6-465E-919F-05EFE1DBA7E8}"
EndProject
Project("{9A19103F-16F7-4668-BE54-9A1E7A4F7556}") = "PiWol.WakeOnLanService.Infrastructure.SignalR", "src\PiWol.WakeOnLanService.Infrastructure.SignalR\PiWol.WakeOnLanService.Infrastructure.SignalR.csproj", "{C43A7E90-C6E2-4168-8AC2-734E98FF56A2}"
EndProject
Project("{2150E333-8FDC-42A3-9474-1A3956D46DE8}") = "Tests", "Tests", "{EECCB159-A7F9-4E0A-9350-5D958D17F54E}"
EndProject
Project("{2150E333-8FDC-42A3-9474-1A3956D46DE8}") = "WakeOnLanService", "WakeOnLanService", "{AEE0AE50-8C89-420E-8478-F5EBFFFE246E}"
EndProject
Project("{9A19103F-16F7-4668-BE54-9A1E7A4F7556}") = "PiWol.WakeOnLanService.Infrastructure.Network.Tests", "tests\PiWol.WakeOnLanService.Infrastructure.Network.Tests\PiWol.WakeOnLanService.Infrastructure.Network.Tests.csproj", "{11E920B1-88E6-45EF-B2E0-FF8DBBE0DDC0}"
EndProject
Project("{9A19103F-16F7-4668-BE54-9A1E7A4F7556}") = "PiWol.Authentication", "src\PiWol.Authentication\PiWol.Authentication.csproj", "{EBF4A7F4-DA12-4CB7-A3F4-FBB99727D7BD}"
EndProject
Project("{2150E333-8FDC-42A3-9474-1A3956D46DE8}") = "Authentication", "Authentication", "{F3F91613-BE49-4A63-A4BE-FED7B251F38B}"
EndProject
Project("{9A19103F-16F7-4668-BE54-9A1E7A4F7556}") = "PiWol.Authentication.Abstraction", "src\PiWol.Authentication.Abstraction\PiWol.Authentication.Abstraction.csproj", "{7E276182-4AE0-4507-AD64-1607039EE767}"
EndProject
Project("{9A19103F-16F7-4668-BE54-9A1E7A4F7556}") = "PiWol.Authentication.Infrastructure.IpUtils", "src\PiWol.Authentication.Infrastructure.IpUtils\PiWol.Authentication.Infrastructure.IpUtils.csproj", "{958184B1-30A5-4154-B8D0-0CE9F0D96125}"
EndProject
Project("{9A19103F-16F7-4668-BE54-9A1E7A4F7556}") = "PiWol.Authentication.Infrastructure.IpUtils.Tests", "tests\PiWol.Authentication.Infrastructure.IpUtils.Tests\PiWol.Authentication.Infrastructure.IpUtils.Tests.csproj", "{7EA156FC-784A-45C0-A366-D1002BB7F6DD}"
EndProject
Project("{9A19103F-16F7-4668-BE54-9A1E7A4F7556}") = "PiWol.Authentication.Data", "src\PiWol.Authentication.Data\PiWol.Authentication.Data.csproj", "{7511DC80-ECA2-4949-9C8B-0266A782C5B8}"
EndProject
Project("{9A19103F-16F7-4668-BE54-9A1E7A4F7556}") = "PiWol.Authentication.Data.Abstraction", "src\PiWol.Authentication.Data.Abstraction\PiWol.Authentication.Data.Abstraction.csproj", "{7E413CA1-8BC9-4057-9D6E-01C38B01E4A1}"
EndProject
Project("{9A19103F-16F7-4668-BE54-9A1E7A4F7556}") = "PiWol.Authentication.Data.Setup", "src\PiWol.Authentication.Data.Setup\PiWol.Authentication.Data.Setup.csproj", "{26E2863B-E1D2-481C-851E-8F71766E38EF}"
EndProject
Project("{9A19103F-16F7-4668-BE54-9A1E7A4F7556}") = "PiWol.DataStorage.Core", "src\PiWol.DataStorage.Core\PiWol.DataStorage.Core.csproj", "{06DC8A06-E21D-4EA5-A708-C069BCDF019B}"
EndProject
Project("{9A19103F-16F7-4668-BE54-9A1E7A4F7556}") = "PiWol.Authentication.WebApp", "src\PiWol.Authentication.WebApp\PiWol.Authentication.WebApp.csproj", "{59079AAB-2866-44C4-8DB4-8CB5F9A02B6C}"
EndProject
Global
	GlobalSection(SolutionConfigurationPlatforms) = preSolution
		Debug|Any CPU = Debug|Any CPU
		Release|Any CPU = Release|Any CPU
	EndGlobalSection
	GlobalSection(ProjectConfigurationPlatforms) = postSolution
		{B3708BA0-D07C-49A6-B094-0CDF14E03F22}.Debug|Any CPU.ActiveCfg = Debug|Any CPU
		{B3708BA0-D07C-49A6-B094-0CDF14E03F22}.Debug|Any CPU.Build.0 = Debug|Any CPU
		{B3708BA0-D07C-49A6-B094-0CDF14E03F22}.Release|Any CPU.ActiveCfg = Release|Any CPU
		{B3708BA0-D07C-49A6-B094-0CDF14E03F22}.Release|Any CPU.Build.0 = Release|Any CPU
		{C404B65C-C977-4903-81AD-AA67D9DBD489}.Debug|Any CPU.ActiveCfg = Debug|Any CPU
		{C404B65C-C977-4903-81AD-AA67D9DBD489}.Debug|Any CPU.Build.0 = Debug|Any CPU
		{C404B65C-C977-4903-81AD-AA67D9DBD489}.Release|Any CPU.ActiveCfg = Release|Any CPU
		{C404B65C-C977-4903-81AD-AA67D9DBD489}.Release|Any CPU.Build.0 = Release|Any CPU
		{8225E9EF-749A-493F-A5F2-1C50A3EFBE9A}.Debug|Any CPU.ActiveCfg = Debug|Any CPU
		{8225E9EF-749A-493F-A5F2-1C50A3EFBE9A}.Debug|Any CPU.Build.0 = Debug|Any CPU
		{8225E9EF-749A-493F-A5F2-1C50A3EFBE9A}.Release|Any CPU.ActiveCfg = Release|Any CPU
		{8225E9EF-749A-493F-A5F2-1C50A3EFBE9A}.Release|Any CPU.Build.0 = Release|Any CPU
		{3F87BB3A-E321-4958-A6D8-5704B68BB0CB}.Debug|Any CPU.ActiveCfg = Debug|Any CPU
		{3F87BB3A-E321-4958-A6D8-5704B68BB0CB}.Debug|Any CPU.Build.0 = Debug|Any CPU
		{3F87BB3A-E321-4958-A6D8-5704B68BB0CB}.Release|Any CPU.ActiveCfg = Release|Any CPU
		{3F87BB3A-E321-4958-A6D8-5704B68BB0CB}.Release|Any CPU.Build.0 = Release|Any CPU
		{1F45D4DA-1827-43E2-A08E-38CF2F7279F0}.Debug|Any CPU.ActiveCfg = Debug|Any CPU
		{1F45D4DA-1827-43E2-A08E-38CF2F7279F0}.Debug|Any CPU.Build.0 = Debug|Any CPU
		{1F45D4DA-1827-43E2-A08E-38CF2F7279F0}.Release|Any CPU.ActiveCfg = Release|Any CPU
		{1F45D4DA-1827-43E2-A08E-38CF2F7279F0}.Release|Any CPU.Build.0 = Release|Any CPU
		{6F25B19C-1A08-4563-A41D-B6ADC419C2BE}.Debug|Any CPU.ActiveCfg = Debug|Any CPU
		{6F25B19C-1A08-4563-A41D-B6ADC419C2BE}.Debug|Any CPU.Build.0 = Debug|Any CPU
		{6F25B19C-1A08-4563-A41D-B6ADC419C2BE}.Release|Any CPU.ActiveCfg = Release|Any CPU
		{6F25B19C-1A08-4563-A41D-B6ADC419C2BE}.Release|Any CPU.Build.0 = Release|Any CPU
		{C4698848-7F80-4AA5-B0B1-58B3F20FE053}.Debug|Any CPU.ActiveCfg = Debug|Any CPU
		{C4698848-7F80-4AA5-B0B1-58B3F20FE053}.Debug|Any CPU.Build.0 = Debug|Any CPU
		{C4698848-7F80-4AA5-B0B1-58B3F20FE053}.Release|Any CPU.ActiveCfg = Release|Any CPU
		{C4698848-7F80-4AA5-B0B1-58B3F20FE053}.Release|Any CPU.Build.0 = Release|Any CPU
		{376B041B-2B7D-49C2-8172-D6988E69C062}.Debug|Any CPU.ActiveCfg = Debug|Any CPU
		{376B041B-2B7D-49C2-8172-D6988E69C062}.Debug|Any CPU.Build.0 = Debug|Any CPU
		{376B041B-2B7D-49C2-8172-D6988E69C062}.Release|Any CPU.ActiveCfg = Release|Any CPU
		{376B041B-2B7D-49C2-8172-D6988E69C062}.Release|Any CPU.Build.0 = Release|Any CPU
		{A04BE19E-1BF6-465E-919F-05EFE1DBA7E8}.Debug|Any CPU.ActiveCfg = Debug|Any CPU
		{A04BE19E-1BF6-465E-919F-05EFE1DBA7E8}.Debug|Any CPU.Build.0 = Debug|Any CPU
		{A04BE19E-1BF6-465E-919F-05EFE1DBA7E8}.Release|Any CPU.ActiveCfg = Release|Any CPU
		{A04BE19E-1BF6-465E-919F-05EFE1DBA7E8}.Release|Any CPU.Build.0 = Release|Any CPU
		{C43A7E90-C6E2-4168-8AC2-734E98FF56A2}.Debug|Any CPU.ActiveCfg = Debug|Any CPU
		{C43A7E90-C6E2-4168-8AC2-734E98FF56A2}.Debug|Any CPU.Build.0 = Debug|Any CPU
		{C43A7E90-C6E2-4168-8AC2-734E98FF56A2}.Release|Any CPU.ActiveCfg = Release|Any CPU
		{C43A7E90-C6E2-4168-8AC2-734E98FF56A2}.Release|Any CPU.Build.0 = Release|Any CPU
		{11E920B1-88E6-45EF-B2E0-FF8DBBE0DDC0}.Debug|Any CPU.ActiveCfg = Debug|Any CPU
		{11E920B1-88E6-45EF-B2E0-FF8DBBE0DDC0}.Debug|Any CPU.Build.0 = Debug|Any CPU
		{11E920B1-88E6-45EF-B2E0-FF8DBBE0DDC0}.Release|Any CPU.ActiveCfg = Release|Any CPU
		{11E920B1-88E6-45EF-B2E0-FF8DBBE0DDC0}.Release|Any CPU.Build.0 = Release|Any CPU
		{EBF4A7F4-DA12-4CB7-A3F4-FBB99727D7BD}.Debug|Any CPU.ActiveCfg = Debug|Any CPU
		{EBF4A7F4-DA12-4CB7-A3F4-FBB99727D7BD}.Debug|Any CPU.Build.0 = Debug|Any CPU
		{EBF4A7F4-DA12-4CB7-A3F4-FBB99727D7BD}.Release|Any CPU.ActiveCfg = Release|Any CPU
		{EBF4A7F4-DA12-4CB7-A3F4-FBB99727D7BD}.Release|Any CPU.Build.0 = Release|Any CPU
		{7E276182-4AE0-4507-AD64-1607039EE767}.Debug|Any CPU.ActiveCfg = Debug|Any CPU
		{7E276182-4AE0-4507-AD64-1607039EE767}.Debug|Any CPU.Build.0 = Debug|Any CPU
		{7E276182-4AE0-4507-AD64-1607039EE767}.Release|Any CPU.ActiveCfg = Release|Any CPU
		{7E276182-4AE0-4507-AD64-1607039EE767}.Release|Any CPU.Build.0 = Release|Any CPU
		{958184B1-30A5-4154-B8D0-0CE9F0D96125}.Debug|Any CPU.ActiveCfg = Debug|Any CPU
		{958184B1-30A5-4154-B8D0-0CE9F0D96125}.Debug|Any CPU.Build.0 = Debug|Any CPU
		{958184B1-30A5-4154-B8D0-0CE9F0D96125}.Release|Any CPU.ActiveCfg = Release|Any CPU
		{958184B1-30A5-4154-B8D0-0CE9F0D96125}.Release|Any CPU.Build.0 = Release|Any CPU
		{7EA156FC-784A-45C0-A366-D1002BB7F6DD}.Debug|Any CPU.ActiveCfg = Debug|Any CPU
		{7EA156FC-784A-45C0-A366-D1002BB7F6DD}.Debug|Any CPU.Build.0 = Debug|Any CPU
		{7EA156FC-784A-45C0-A366-D1002BB7F6DD}.Release|Any CPU.ActiveCfg = Release|Any CPU
		{7EA156FC-784A-45C0-A366-D1002BB7F6DD}.Release|Any CPU.Build.0 = Release|Any CPU
		{7511DC80-ECA2-4949-9C8B-0266A782C5B8}.Debug|Any CPU.ActiveCfg = Debug|Any CPU
		{7511DC80-ECA2-4949-9C8B-0266A782C5B8}.Debug|Any CPU.Build.0 = Debug|Any CPU
		{7511DC80-ECA2-4949-9C8B-0266A782C5B8}.Release|Any CPU.ActiveCfg = Release|Any CPU
		{7511DC80-ECA2-4949-9C8B-0266A782C5B8}.Release|Any CPU.Build.0 = Release|Any CPU
		{7E413CA1-8BC9-4057-9D6E-01C38B01E4A1}.Debug|Any CPU.ActiveCfg = Debug|Any CPU
		{7E413CA1-8BC9-4057-9D6E-01C38B01E4A1}.Debug|Any CPU.Build.0 = Debug|Any CPU
		{7E413CA1-8BC9-4057-9D6E-01C38B01E4A1}.Release|Any CPU.ActiveCfg = Release|Any CPU
		{7E413CA1-8BC9-4057-9D6E-01C38B01E4A1}.Release|Any CPU.Build.0 = Release|Any CPU
		{26E2863B-E1D2-481C-851E-8F71766E38EF}.Debug|Any CPU.ActiveCfg = Debug|Any CPU
		{26E2863B-E1D2-481C-851E-8F71766E38EF}.Debug|Any CPU.Build.0 = Debug|Any CPU
		{26E2863B-E1D2-481C-851E-8F71766E38EF}.Release|Any CPU.ActiveCfg = Release|Any CPU
		{26E2863B-E1D2-481C-851E-8F71766E38EF}.Release|Any CPU.Build.0 = Release|Any CPU
		{06DC8A06-E21D-4EA5-A708-C069BCDF019B}.Debug|Any CPU.ActiveCfg = Debug|Any CPU
		{06DC8A06-E21D-4EA5-A708-C069BCDF019B}.Debug|Any CPU.Build.0 = Debug|Any CPU
		{06DC8A06-E21D-4EA5-A708-C069BCDF019B}.Release|Any CPU.ActiveCfg = Release|Any CPU
		{06DC8A06-E21D-4EA5-A708-C069BCDF019B}.Release|Any CPU.Build.0 = Release|Any CPU
		{59079AAB-2866-44C4-8DB4-8CB5F9A02B6C}.Debug|Any CPU.ActiveCfg = Debug|Any CPU
		{59079AAB-2866-44C4-8DB4-8CB5F9A02B6C}.Debug|Any CPU.Build.0 = Debug|Any CPU
		{59079AAB-2866-44C4-8DB4-8CB5F9A02B6C}.Release|Any CPU.ActiveCfg = Release|Any CPU
		{59079AAB-2866-44C4-8DB4-8CB5F9A02B6C}.Release|Any CPU.Build.0 = Release|Any CPU
	EndGlobalSection
	GlobalSection(SolutionProperties) = preSolution
		HideSolutionNode = FALSE
	EndGlobalSection
	GlobalSection(NestedProjects) = preSolution
		{B3708BA0-D07C-49A6-B094-0CDF14E03F22} = {2C456F44-9FB4-40AD-B78C-93E6678D239D}
		{2C456F44-9FB4-40AD-B78C-93E6678D239D} = {B335A1BF-91D4-4723-B19E-86A9551F3A6D}
		{C922F011-7513-4FF0-BCE4-DFD1A16D9807} = {B335A1BF-91D4-4723-B19E-86A9551F3A6D}
		{C404B65C-C977-4903-81AD-AA67D9DBD489} = {C922F011-7513-4FF0-BCE4-DFD1A16D9807}
		{8225E9EF-749A-493F-A5F2-1C50A3EFBE9A} = {C922F011-7513-4FF0-BCE4-DFD1A16D9807}
		{3F87BB3A-E321-4958-A6D8-5704B68BB0CB} = {C922F011-7513-4FF0-BCE4-DFD1A16D9807}
		{0238AD12-1295-48B4-9255-8867D7E0A8D6} = {B335A1BF-91D4-4723-B19E-86A9551F3A6D}
		{1F45D4DA-1827-43E2-A08E-38CF2F7279F0} = {0238AD12-1295-48B4-9255-8867D7E0A8D6}
		{6F25B19C-1A08-4563-A41D-B6ADC419C2BE} = {C922F011-7513-4FF0-BCE4-DFD1A16D9807}
		{C4698848-7F80-4AA5-B0B1-58B3F20FE053} = {C922F011-7513-4FF0-BCE4-DFD1A16D9807}
		{376B041B-2B7D-49C2-8172-D6988E69C062} = {C922F011-7513-4FF0-BCE4-DFD1A16D9807}
		{A04BE19E-1BF6-465E-919F-05EFE1DBA7E8} = {C922F011-7513-4FF0-BCE4-DFD1A16D9807}
		{C43A7E90-C6E2-4168-8AC2-734E98FF56A2} = {C922F011-7513-4FF0-BCE4-DFD1A16D9807}
		{AEE0AE50-8C89-420E-8478-F5EBFFFE246E} = {EECCB159-A7F9-4E0A-9350-5D958D17F54E}
		{11E920B1-88E6-45EF-B2E0-FF8DBBE0DDC0} = {AEE0AE50-8C89-420E-8478-F5EBFFFE246E}
		{EBF4A7F4-DA12-4CB7-A3F4-FBB99727D7BD} = {F3F91613-BE49-4A63-A4BE-FED7B251F38B}
		{F3F91613-BE49-4A63-A4BE-FED7B251F38B} = {B335A1BF-91D4-4723-B19E-86A9551F3A6D}
		{7E276182-4AE0-4507-AD64-1607039EE767} = {F3F91613-BE49-4A63-A4BE-FED7B251F38B}
		{958184B1-30A5-4154-B8D0-0CE9F0D96125} = {F3F91613-BE49-4A63-A4BE-FED7B251F38B}
		{7EA156FC-784A-45C0-A366-D1002BB7F6DD} = {AEE0AE50-8C89-420E-8478-F5EBFFFE246E}
		{7511DC80-ECA2-4949-9C8B-0266A782C5B8} = {F3F91613-BE49-4A63-A4BE-FED7B251F38B}
		{7E413CA1-8BC9-4057-9D6E-01C38B01E4A1} = {F3F91613-BE49-4A63-A4BE-FED7B251F38B}
		{26E2863B-E1D2-481C-851E-8F71766E38EF} = {F3F91613-BE49-4A63-A4BE-FED7B251F38B}
		{06DC8A06-E21D-4EA5-A708-C069BCDF019B} = {0238AD12-1295-48B4-9255-8867D7E0A8D6}
		{59079AAB-2866-44C4-8DB4-8CB5F9A02B6C} = {F3F91613-BE49-4A63-A4BE-FED7B251F38B}
	EndGlobalSection
	GlobalSection(ExtensibilityGlobals) = postSolution
		SolutionGuid = {9C8C5BAA-9F49-4B34-B004-8361B41288A4}
	EndGlobalSection
EndGlobal
