{
  "name": "license-extractor",
  "version": "1.0.0",
  "lockfileVersion": 1,
  "requires": true,
  "dependencies": {
    "abbrev": {
      "version": "1.1.1",
      "resolved": "https://registry.npmjs.org/abbrev/-/abbrev-1.1.1.tgz",
      "integrity": "sha512-nne9/IiQ/hzIhY6pdDnbBtz7DjPTKrY00P/zvPSm5pOFkl6xuGrGnXn/VtTNNfNtAfZ9/1RtehkszU9qcTii0Q=="
    },
    "ansi-regex": {
      "version": "0.2.1",
      "resolved": "https://registry.npmjs.org/ansi-regex/-/ansi-regex-0.2.1.tgz",
      "integrity": "sha1-DY6UaWej2BQ/k+JOKYUl/BsiNfk="
    },
    "ansi-styles": {
      "version": "3.2.1",
      "resolved": "https://registry.npmjs.org/ansi-styles/-/ansi-styles-3.2.1.tgz",
      "integrity": "sha512-VT0ZI6kZRdTh8YyJw3SMbYm/u+NqfsAxEpWO0Pf9sq8/e94WxxOpPKx9FR1FlyCtOVDNOQ+8ntlqFxiRc+r5qA==",
      "requires": {
        "color-convert": "^1.9.0"
      }
    },
    "ansicolors": {
      "version": "0.3.2",
      "resolved": "https://registry.npmjs.org/ansicolors/-/ansicolors-0.3.2.tgz",
      "integrity": "sha1-ZlWX3oap/+Oqm/vmyuXG6kJrSXk="
    },
    "archy": {
      "version": "1.0.0",
      "resolved": "https://registry.npmjs.org/archy/-/archy-1.0.0.tgz",
      "integrity": "sha1-+cjBN1fMHde8N5rHeyxipcKGjEA="
    },
    "asap": {
      "version": "2.0.6",
      "resolved": "https://registry.npmjs.org/asap/-/asap-2.0.6.tgz",
      "integrity": "sha1-5QNHYR1+aQlDIIu9r+vLwvuGbUY="
    },
    "async": {
      "version": "2.6.2",
      "resolved": "https://registry.npmjs.org/async/-/async-2.6.2.tgz",
      "integrity": "sha512-H1qVYh1MYhEEFLsP97cVKqCGo7KfCyTt6uEWqsTBr9SO84oK9Uwbyd/yCW+6rKJLHksBNUVWZDAjfS+Ccx0Bbg==",
      "requires": {
        "lodash": "^4.17.11"
      }
    },
    "balanced-match": {
      "version": "1.0.0",
      "resolved": "https://registry.npmjs.org/balanced-match/-/balanced-match-1.0.0.tgz",
      "integrity": "sha1-ibTRmasr7kneFk6gK4nORi1xt2c="
    },
    "brace-expansion": {
      "version": "1.1.11",
      "resolved": "https://registry.npmjs.org/brace-expansion/-/brace-expansion-1.1.11.tgz",
      "integrity": "sha512-iCuPHDFgrHX7H2vEI/5xpz07zSHB00TpugqhmYtVmMO6518mCuRMoOYFldEBl0g187ufozdaHgWKcYFb61qGiA==",
      "requires": {
        "balanced-match": "^1.0.0",
        "concat-map": "0.0.1"
      }
    },
    "chalk": {
      "version": "2.4.2",
      "resolved": "https://registry.npmjs.org/chalk/-/chalk-2.4.2.tgz",
      "integrity": "sha512-Mti+f9lpJNcwF4tWV8/OrTTtF1gZi+f8FqlyAdouralcFWFQWF2+NgCHShjkCb+IFBLq9buZwE1xckQU4peSuQ==",
      "requires": {
        "ansi-styles": "^3.2.1",
        "escape-string-regexp": "^1.0.5",
        "supports-color": "^5.3.0"
      }
    },
    "color-convert": {
      "version": "1.9.3",
      "resolved": "https://registry.npmjs.org/color-convert/-/color-convert-1.9.3.tgz",
      "integrity": "sha512-QfAUtd+vFdAtFQcC8CCyYt1fYWxSqAiK2cSD6zDB8N3cpsEBAvRxp9zOGg6G/SHHJYAT88/az/IuDGALsNVbGg==",
      "requires": {
        "color-name": "1.1.3"
      }
    },
    "color-name": {
      "version": "1.1.3",
      "resolved": "https://registry.npmjs.org/color-name/-/color-name-1.1.3.tgz",
      "integrity": "sha1-p9BVi9icQveV3UIyj3QIMcpTvCU="
    },
    "commander": {
      "version": "2.19.0",
      "resolved": "https://registry.npmjs.org/commander/-/commander-2.19.0.tgz",
      "integrity": "sha512-6tvAOO+D6OENvRAh524Dh9jcfKTYDQAqvqezbCW82xj5X0pSrcpxtvRKHLG0yBY6SD7PSDrJaj+0AiOcKVd1Xg=="
    },
    "compare-versions": {
      "version": "3.4.0",
      "resolved": "https://registry.npmjs.org/compare-versions/-/compare-versions-3.4.0.tgz",
      "integrity": "sha512-tK69D7oNXXqUW3ZNo/z7NXTEz22TCF0pTE+YF9cxvaAM9XnkLo1fV621xCLrRR6aevJlKxExkss0vWqUCUpqdg=="
    },
    "concat-map": {
      "version": "0.0.1",
      "resolved": "https://registry.npmjs.org/concat-map/-/concat-map-0.0.1.tgz",
      "integrity": "sha1-2Klr13/Wjfd5OnMDajug1UBdR3s="
    },
    "debug": {
      "version": "3.2.6",
      "resolved": "https://registry.npmjs.org/debug/-/debug-3.2.6.tgz",
      "integrity": "sha512-mel+jf7nrtEl5Pn1Qx46zARXKDpBbvzezse7p7LqINmdoIk8PYP5SySaxEmYv6TZ0JyEKA1hsCId6DIhgITtWQ==",
      "requires": {
        "ms": "^2.1.1"
      }
    },
    "debuglog": {
      "version": "1.0.1",
      "resolved": "https://registry.npmjs.org/debuglog/-/debuglog-1.0.1.tgz",
      "integrity": "sha1-qiT/uaw9+aI1GDfPstJ5NgzXhJI="
    },
    "dezalgo": {
      "version": "1.0.3",
      "resolved": "https://registry.npmjs.org/dezalgo/-/dezalgo-1.0.3.tgz",
      "integrity": "sha1-f3Qt4Gb8dIvI24IFad3c5Jvw1FY=",
      "requires": {
        "asap": "^2.0.0",
        "wrappy": "1"
      }
    },
    "escape-string-regexp": {
      "version": "1.0.5",
      "resolved": "https://registry.npmjs.org/escape-string-regexp/-/escape-string-regexp-1.0.5.tgz",
      "integrity": "sha1-G2HAViGQqN/2rjuyzwIAyhMLhtQ="
    },
    "fs.realpath": {
      "version": "1.0.0",
      "resolved": "https://registry.npmjs.org/fs.realpath/-/fs.realpath-1.0.0.tgz",
      "integrity": "sha1-FQStJSMVjKpA20onh8sBQRmU6k8="
    },
    "github-url-from-git": {
      "version": "1.5.0",
      "resolved": "https://registry.npmjs.org/github-url-from-git/-/github-url-from-git-1.5.0.tgz",
      "integrity": "sha1-+YX+3MCpqledyI16/waNVcxiUaA="
    },
    "github-url-from-username-repo": {
      "version": "1.0.2",
      "resolved": "https://registry.npmjs.org/github-url-from-username-repo/-/github-url-from-username-repo-1.0.2.tgz",
      "integrity": "sha1-fdeTMNKr5pwQws73lxTJchV5Hfo="
    },
    "glob": {
      "version": "5.0.15",
      "resolved": "https://registry.npmjs.org/glob/-/glob-5.0.15.tgz",
      "integrity": "sha1-G8k2ueAvSmA/zCIuz3Yz0wuLk7E=",
      "requires": {
        "inflight": "^1.0.4",
        "inherits": "2",
        "minimatch": "2 || 3",
        "once": "^1.3.0",
        "path-is-absolute": "^1.0.0"
      }
    },
    "glob-all": {
      "version": "3.1.0",
      "resolved": "https://registry.npmjs.org/glob-all/-/glob-all-3.1.0.tgz",
      "integrity": "sha1-iRPd+17hrHgSZWJBsD1SF8ZLAqs=",
      "requires": {
        "glob": "^7.0.5",
        "yargs": "~1.2.6"
      },
      "dependencies": {
        "glob": {
          "version": "7.1.3",
          "resolved": "https://registry.npmjs.org/glob/-/glob-7.1.3.tgz",
          "integrity": "sha512-vcfuiIxogLV4DlGBHIUOwI0IbrJ8HWPc4MU7HzviGeNho/UJDfi6B5p3sHeWIQ0KGIU0Jpxi5ZHxemQfLkkAwQ==",
          "requires": {
            "fs.realpath": "^1.0.0",
            "inflight": "^1.0.4",
            "inherits": "2",
            "minimatch": "^3.0.4",
            "once": "^1.3.0",
            "path-is-absolute": "^1.0.0"
          }
        }
      }
    },
    "graceful-fs": {
      "version": "3.0.11",
      "resolved": "https://registry.npmjs.org/graceful-fs/-/graceful-fs-3.0.11.tgz",
      "integrity": "sha1-dhPHeKGv6mLyXGMKCG1/Osu92Bg=",
      "optional": true,
      "requires": {
        "natives": "^1.1.0"
      }
    },
    "has-ansi": {
      "version": "0.1.0",
      "resolved": "https://registry.npmjs.org/has-ansi/-/has-ansi-0.1.0.tgz",
      "integrity": "sha1-hPJlqujA5qiKEtcCKJS3VoiUxi4=",
      "requires": {
        "ansi-regex": "^0.2.0"
      }
    },
    "has-flag": {
      "version": "3.0.0",
      "resolved": "https://registry.npmjs.org/has-flag/-/has-flag-3.0.0.tgz",
      "integrity": "sha1-tdRU3CGZriJWmfNGfloH87lVuv0="
    },
    "hosted-git-info": {
      "version": "2.7.1",
      "resolved": "https://registry.npmjs.org/hosted-git-info/-/hosted-git-info-2.7.1.tgz",
      "integrity": "sha512-7T/BxH19zbcCTa8XkMlbK5lTo1WtgkFi3GvdWEyNuc4Vex7/9Dqbnpsf4JMydcfj9HCg4zUWFTL3Za6lapg5/w=="
    },
    "inflight": {
      "version": "1.0.6",
      "resolved": "https://registry.npmjs.org/inflight/-/inflight-1.0.6.tgz",
      "integrity": "sha1-Sb1jMdfQLQwJvJEKEHW6gWW1bfk=",
      "requires": {
        "once": "^1.3.0",
        "wrappy": "1"
      }
    },
    "inherits": {
      "version": "2.0.3",
      "resolved": "https://registry.npmjs.org/inherits/-/inherits-2.0.3.tgz",
      "integrity": "sha1-Yzwsg+PaQqUC9SRmAiSA9CCCYd4="
    },
    "jju": {
      "version": "1.4.0",
      "resolved": "https://registry.npmjs.org/jju/-/jju-1.4.0.tgz",
      "integrity": "sha1-o6vicYryQaKykE+EpiWXDzia4yo="
    },
    "jquery-extend": {
      "version": "2.0.3",
      "resolved": "https://registry.npmjs.org/jquery-extend/-/jquery-extend-2.0.3.tgz",
      "integrity": "sha1-aBXNsBqGbdujDm9ND8X7ZnknJzU="
    },
    "json-parse-helpfulerror": {
      "version": "1.0.3",
      "resolved": "https://registry.npmjs.org/json-parse-helpfulerror/-/json-parse-helpfulerror-1.0.3.tgz",
      "integrity": "sha1-E/FM4C7tTpgSl7ZOueO5MuLdE9w=",
      "requires": {
        "jju": "^1.1.0"
      }
    },
    "license-checker": {
      "version": "git+https://github.com/mwittig/license-checker.git#d546e3f738e14c62e732346fa355162d46700893",
      "from": "git+https://github.com/mwittig/license-checker.git#d546e3f738e14c62e732346fa355162d46700893",
      "requires": {
        "chalk": "~0.5.1",
        "mkdirp": "^0.3.5",
        "nopt": "^2.2.0",
        "read-installed": "~3.1.3",
        "treeify": "^1.0.1"
      },
      "dependencies": {
        "ansi-styles": {
          "version": "1.1.0",
          "resolved": "https://registry.npmjs.org/ansi-styles/-/ansi-styles-1.1.0.tgz",
          "integrity": "sha1-6uy/Zs1waIJ2Cy9GkVgrj1XXp94="
        },
        "chalk": {
          "version": "0.5.1",
          "resolved": "https://registry.npmjs.org/chalk/-/chalk-0.5.1.tgz",
          "integrity": "sha1-Zjs6ZItotV0EaQ1JFnqoN4WPIXQ=",
          "requires": {
            "ansi-styles": "^1.1.0",
            "escape-string-regexp": "^1.0.0",
            "has-ansi": "^0.1.0",
            "strip-ansi": "^0.3.0",
            "supports-color": "^0.2.0"
          }
        },
        "mkdirp": {
          "version": "0.3.5",
          "resolved": "https://registry.npmjs.org/mkdirp/-/mkdirp-0.3.5.tgz",
          "integrity": "sha1-3j5fiWHIjHh+4TaN+EmsRBPsqNc="
        },
        "nopt": {
          "version": "2.2.1",
          "resolved": "https://registry.npmjs.org/nopt/-/nopt-2.2.1.tgz",
          "integrity": "sha1-KqCbfRdoSHs7ianFqlIzW/8Lrqc=",
          "requires": {
            "abbrev": "1"
          }
        },
        "supports-color": {
          "version": "0.2.0",
          "resolved": "https://registry.npmjs.org/supports-color/-/supports-color-0.2.0.tgz",
          "integrity": "sha1-2S3iaU6z9nMjlz1649i1W0wiGQo="
        }
      }
    },
    "lodash": {
      "version": "4.17.11",
      "resolved": "https://registry.npmjs.org/lodash/-/lodash-4.17.11.tgz",
      "integrity": "sha512-cQKh8igo5QUhZ7lg38DYWAxMvjSAKG0A8wGSVimP07SIUEK2UO+arSRKbRZWtelMtN5V0Hkwh5ryOto/SshYIg=="
    },
    "lodash.assign": {
      "version": "4.2.0",
      "resolved": "https://registry.npmjs.org/lodash.assign/-/lodash.assign-4.2.0.tgz",
      "integrity": "sha1-DZnzzNem0mHRm9rrkkUAXShYCOc="
    },
    "lodash.assignin": {
      "version": "4.2.0",
      "resolved": "https://registry.npmjs.org/lodash.assignin/-/lodash.assignin-4.2.0.tgz",
      "integrity": "sha1-uo31+4QesKPoBEIysOJjqNxqKKI="
    },
    "lodash.clone": {
      "version": "4.5.0",
      "resolved": "https://registry.npmjs.org/lodash.clone/-/lodash.clone-4.5.0.tgz",
      "integrity": "sha1-GVhwRQ9aExkkeN9Lw9I9LeoZB7Y="
    },
    "lodash.clonedeep": {
      "version": "4.5.0",
      "resolved": "https://registry.npmjs.org/lodash.clonedeep/-/lodash.clonedeep-4.5.0.tgz",
      "integrity": "sha1-4j8/nE+Pvd6HJSnBBxhXoIblzO8="
    },
    "lodash.flatten": {
      "version": "4.4.0",
      "resolved": "https://registry.npmjs.org/lodash.flatten/-/lodash.flatten-4.4.0.tgz",
      "integrity": "sha1-8xwiIlqWMtK7+OSt2+8kCqdlph8="
    },
    "lodash.get": {
      "version": "4.4.2",
      "resolved": "https://registry.npmjs.org/lodash.get/-/lodash.get-4.4.2.tgz",
      "integrity": "sha1-LRd/ZS+jHpObRDjVNBSZ36OCXpk="
    },
    "lodash.set": {
      "version": "4.3.2",
      "resolved": "https://registry.npmjs.org/lodash.set/-/lodash.set-4.3.2.tgz",
      "integrity": "sha1-2HV7HagH3eJIFrDWqEvqGnYjCyM="
    },
    "lru-cache": {
      "version": "4.1.5",
      "resolved": "https://registry.npmjs.org/lru-cache/-/lru-cache-4.1.5.tgz",
      "integrity": "sha512-sWZlbEP2OsHNkXrMl5GYk/jKk70MBng6UU4YI/qGDYbgf6YbP4EvmqISbXCoJiRKs+1bSpFHVgQxvJ17F2li5g==",
      "requires": {
        "pseudomap": "^1.0.2",
        "yallist": "^2.1.2"
      }
    },
    "minimatch": {
      "version": "3.0.4",
      "resolved": "https://registry.npmjs.org/minimatch/-/minimatch-3.0.4.tgz",
      "integrity": "sha512-yJHVQEhyqPLUTgt9B83PXu6W3rx4MvvHvSUvToogpwoGDOUQ+yDrR0HRot+yOCdCO7u4hX3pWft6kWBBcqh0UA==",
      "requires": {
        "brace-expansion": "^1.1.7"
      }
    },
    "minimist": {
      "version": "0.0.8",
      "resolved": "https://registry.npmjs.org/minimist/-/minimist-0.0.8.tgz",
      "integrity": "sha1-hX/Kv8M5fSYluCKCYuhqp6ARsF0="
    },
    "mkdirp": {
      "version": "0.5.1",
      "resolved": "https://registry.npmjs.org/mkdirp/-/mkdirp-0.5.1.tgz",
      "integrity": "sha1-MAV0OOrGz3+MR2fzhkjWaX11yQM=",
      "requires": {
        "minimist": "0.0.8"
      }
    },
    "ms": {
      "version": "2.1.1",
      "resolved": "https://registry.npmjs.org/ms/-/ms-2.1.1.tgz",
      "integrity": "sha512-tgp+dl5cGk28utYktBsrFqA7HKgrhgPsg6Z/EfhWI4gl1Hwq8B/GmY/0oXZ6nF8hDVesS/FpnYaD/kOWhYQvyg=="
    },
    "natives": {
      "version": "1.1.6",
      "resolved": "https://registry.npmjs.org/natives/-/natives-1.1.6.tgz",
      "integrity": "sha512-6+TDFewD4yxY14ptjKaS63GVdtKiES1pTPyxn9Jb0rBqPMZ7VcCiooEhPNsr+mqHtMGxa/5c/HhcC4uPEUw/nA==",
      "optional": true
    },
    "nlf": {
      "version": "2.1.1",
      "resolved": "https://registry.npmjs.org/nlf/-/nlf-2.1.1.tgz",
      "integrity": "sha512-ysGGIax/WydhF78a5k//FPMt9tVDVLsnuSZqxwuzIfc5waKKc0Y/jz082a81aAayrP1QQNQm5ck+5Kv+jlbU6Q==",
      "requires": {
        "archy": "1.0.0",
        "commander": "2.19.0",
        "compare-versions": "3.4.0",
        "glob-all": "3.1.0",
        "snyk-resolve-deps": "4.0.2"
      }
    },
    "nopt": {
      "version": "3.0.6",
      "resolved": "https://registry.npmjs.org/nopt/-/nopt-3.0.6.tgz",
      "integrity": "sha1-xkZdvwirzU2zWTF/eaxopkayj/k=",
      "requires": {
        "abbrev": "1"
      }
    },
    "nopt-defaults": {
      "version": "0.0.1",
      "resolved": "https://registry.npmjs.org/nopt-defaults/-/nopt-defaults-0.0.1.tgz",
      "integrity": "sha1-8VD8yIgjCcv7dhh+Eum8sgaUVYs="
    },
    "nopt-usage": {
      "version": "0.1.0",
      "resolved": "https://registry.npmjs.org/nopt-usage/-/nopt-usage-0.1.0.tgz",
      "integrity": "sha1-sYuMGD4YEEfKnmO3zefPxwLMpXk="
    },
    "normalize-package-data": {
      "version": "1.0.3",
      "resolved": "https://registry.npmjs.org/normalize-package-data/-/normalize-package-data-1.0.3.tgz",
      "integrity": "sha1-i+lVuJB6+XXxpFhOqLubQUkjEvU=",
      "requires": {
        "github-url-from-git": "^1.3.0",
        "github-url-from-username-repo": "^1.0.0",
        "semver": "2 || 3 || 4"
      }
    },
    "npm-license-crawler": {
      "version": "0.2.1",
      "resolved": "https://registry.npmjs.org/npm-license-crawler/-/npm-license-crawler-0.2.1.tgz",
      "integrity": "sha512-CRchloUjZk/ZSAkb5JbCKNFojLWtbjxwsB7w48kauHXK+5bjby2HXFvGvicVx7uNBY6HBWEPw20qKc/4jlL+1Q==",
      "requires": {
        "async": "^2.6.1",
        "chalk": "^2.4.2",
        "jquery-extend": "~2.0.3",
        "license-checker": "git+https://github.com/mwittig/license-checker.git#d546e3f738e14c62e732346fa355162d46700893",
        "mkdirp": "^0.5.1",
        "nopt": "^3.0.6",
        "nopt-defaults": "^0.0.1",
        "nopt-usage": "^0.1.0",
        "treeify": "^1.1.0"
      }
    },
    "once": {
      "version": "1.4.0",
      "resolved": "https://registry.npmjs.org/once/-/once-1.4.0.tgz",
      "integrity": "sha1-WDsap3WWHUsROsF9nFC6753Xa9E=",
      "requires": {
        "wrappy": "1"
      }
    },
    "path-is-absolute": {
      "version": "1.0.1",
      "resolved": "https://registry.npmjs.org/path-is-absolute/-/path-is-absolute-1.0.1.tgz",
      "integrity": "sha1-F0uSaHNVNP+8es5r9TpanhtcX18="
    },
    "promise": {
      "version": "7.3.1",
      "resolved": "https://registry.npmjs.org/promise/-/promise-7.3.1.tgz",
      "integrity": "sha512-nolQXZ/4L+bP/UGlkfaIujX9BKxGwmQ9OT4mOt5yvy8iK1h3wqTEJCijzGANTCCl9nWjY41juyAn2K3Q1hLLTg==",
      "requires": {
        "asap": "~2.0.3"
      }
    },
    "pseudomap": {
      "version": "1.0.2",
      "resolved": "https://registry.npmjs.org/pseudomap/-/pseudomap-1.0.2.tgz",
      "integrity": "sha1-8FKijacOYYkX7wqKw0wa5aaChrM="
    },
    "read-installed": {
      "version": "3.1.5",
      "resolved": "https://registry.npmjs.org/read-installed/-/read-installed-3.1.5.tgz",
      "integrity": "sha1-SuNgga/T4iBNwuJ5gHqqUsMMjAw=",
      "requires": {
        "debuglog": "^1.0.1",
        "graceful-fs": "2 || 3",
        "read-package-json": "1",
        "readdir-scoped-modules": "^1.0.0",
        "semver": "2 || 3 || 4",
        "slide": "~1.1.3",
        "util-extend": "^1.0.1"
      }
    },
    "read-package-json": {
      "version": "1.3.3",
      "resolved": "https://registry.npmjs.org/read-package-json/-/read-package-json-1.3.3.tgz",
      "integrity": "sha1-73nf2kbhZTdu6KV++/7dTRsCm6Q=",
      "requires": {
        "glob": "^5.0.3",
        "graceful-fs": "2 || 3",
        "json-parse-helpfulerror": "^1.0.2",
        "normalize-package-data": "^1.0.0"
      }
    },
    "readdir-scoped-modules": {
      "version": "1.0.2",
      "resolved": "https://registry.npmjs.org/readdir-scoped-modules/-/readdir-scoped-modules-1.0.2.tgz",
      "integrity": "sha1-n6+jfShr5dksuuve4DDcm19AZ0c=",
      "requires": {
        "debuglog": "^1.0.1",
        "dezalgo": "^1.0.0",
        "graceful-fs": "^4.1.2",
        "once": "^1.3.0"
      },
      "dependencies": {
        "graceful-fs": {
          "version": "4.1.15",
          "resolved": "https://registry.npmjs.org/graceful-fs/-/graceful-fs-4.1.15.tgz",
          "integrity": "sha512-6uHUhOPEBgQ24HM+r6b/QwWfZq+yiFcipKFrOFiBEnWdy5sdzYoi+pJeQaPI5qOLRFqWmAXUPQNsielzdLoecA=="
        }
      }
    },
    "semver": {
      "version": "4.3.6",
      "resolved": "https://registry.npmjs.org/semver/-/semver-4.3.6.tgz",
      "integrity": "sha1-MAvG4OhjdPe6YQaLWx7NV/xlMto="
    },
    "slide": {
      "version": "1.1.6",
      "resolved": "https://registry.npmjs.org/slide/-/slide-1.1.6.tgz",
      "integrity": "sha1-VusCfWW00tzmyy4tMsTUr8nh1wc="
    },
    "snyk-module": {
      "version": "1.9.1",
      "resolved": "https://registry.npmjs.org/snyk-module/-/snyk-module-1.9.1.tgz",
      "integrity": "sha512-A+CCyBSa4IKok5uEhqT+hV/35RO6APFNLqk9DRRHg7xW2/j//nPX8wTSZUPF8QeRNEk/sX+6df7M1y6PBHGSHA==",
      "requires": {
        "debug": "^3.1.0",
        "hosted-git-info": "^2.7.1"
      }
    },
    "snyk-resolve": {
      "version": "1.0.1",
      "resolved": "https://registry.npmjs.org/snyk-resolve/-/snyk-resolve-1.0.1.tgz",
      "integrity": "sha512-7+i+LLhtBo1Pkth01xv+RYJU8a67zmJ8WFFPvSxyCjdlKIcsps4hPQFebhz+0gC5rMemlaeIV6cqwqUf9PEDpw==",
      "requires": {
        "debug": "^3.1.0",
        "then-fs": "^2.0.0"
      }
    },
    "snyk-resolve-deps": {
      "version": "4.0.2",
      "resolved": "https://registry.npmjs.org/snyk-resolve-deps/-/snyk-resolve-deps-4.0.2.tgz",
      "integrity": "sha512-nlw62wiWhGOTw3BD3jVIwrUkRR4iNxEkkO4Y/PWs8BsUWseGu1H6QgLesFXJb3qx7ANJ5UbUCJMgV+eL0Lf9cA==",
      "requires": {
        "ansicolors": "^0.3.2",
        "debug": "^3.2.5",
        "lodash.assign": "^4.2.0",
        "lodash.assignin": "^4.2.0",
        "lodash.clone": "^4.5.0",
        "lodash.flatten": "^4.4.0",
        "lodash.get": "^4.4.2",
        "lodash.set": "^4.3.2",
        "lru-cache": "^4.0.0",
        "semver": "^5.5.1",
        "snyk-module": "^1.6.0",
        "snyk-resolve": "^1.0.0",
        "snyk-tree": "^1.0.0",
        "snyk-try-require": "^1.1.1",
        "then-fs": "^2.0.0"
      },
      "dependencies": {
        "semver": {
          "version": "5.7.0",
          "resolved": "https://registry.npmjs.org/semver/-/semver-5.7.0.tgz",
          "integrity": "sha512-Ya52jSX2u7QKghxeoFGpLwCtGlt7j0oY9DYb5apt9nPlJ42ID+ulTXESnt/qAQcoSERyZ5sl3LDIOw0nAn/5DA=="
        }
      }
    },
    "snyk-tree": {
      "version": "1.0.0",
      "resolved": "https://registry.npmjs.org/snyk-tree/-/snyk-tree-1.0.0.tgz",
      "integrity": "sha1-D7cxdtvzLngvGRAClBYESPkRHMg=",
      "requires": {
        "archy": "^1.0.0"
      }
    },
    "snyk-try-require": {
      "version": "1.3.1",
      "resolved": "https://registry.npmjs.org/snyk-try-require/-/snyk-try-require-1.3.1.tgz",
      "integrity": "sha1-bgJvkuZK9/zM6h7lPVJIQeQYohI=",
      "requires": {
        "debug": "^3.1.0",
        "lodash.clonedeep": "^4.3.0",
        "lru-cache": "^4.0.0",
        "then-fs": "^2.0.0"
      }
    },
    "strip-ansi": {
      "version": "0.3.0",
      "resolved": "https://registry.npmjs.org/strip-ansi/-/strip-ansi-0.3.0.tgz",
      "integrity": "sha1-JfSOoiynkYfzF0pNuHWTR7sSYiA=",
      "requires": {
        "ansi-regex": "^0.2.1"
      }
    },
    "supports-color": {
      "version": "5.5.0",
      "resolved": "https://registry.npmjs.org/supports-color/-/supports-color-5.5.0.tgz",
      "integrity": "sha512-QjVjwdXIt408MIiAqCX4oUKsgU2EqAGzs2Ppkm4aQYbjm+ZEWEcW4SfFNTr4uMNZma0ey4f5lgLrkB0aX0QMow==",
      "requires": {
        "has-flag": "^3.0.0"
      }
    },
    "then-fs": {
      "version": "2.0.0",
      "resolved": "https://registry.npmjs.org/then-fs/-/then-fs-2.0.0.tgz",
      "integrity": "sha1-cveS3Z0xcFqRrhnr/Piz+WjIHaI=",
      "requires": {
        "promise": ">=3.2 <8"
      }
    },
    "treeify": {
      "version": "1.1.0",
      "resolved": "https://registry.npmjs.org/treeify/-/treeify-1.1.0.tgz",
      "integrity": "sha512-1m4RA7xVAJrSGrrXGs0L3YTwyvBs2S8PbRHaLZAkFw7JR8oIFwYtysxlBZhYIa7xSyiYJKZ3iGrrk55cGA3i9A=="
    },
    "util-extend": {
      "version": "1.0.3",
      "resolved": "https://registry.npmjs.org/util-extend/-/util-extend-1.0.3.tgz",
      "integrity": "sha1-p8IW0mdUUWljeztu3GypEZ4v+T8="
    },
    "wrappy": {
      "version": "1.0.2",
      "resolved": "https://registry.npmjs.org/wrappy/-/wrappy-1.0.2.tgz",
      "integrity": "sha1-tSQ9jz7BqjXxNkYFvA0QNuMKtp8="
    },
    "yallist": {
      "version": "2.1.2",
      "resolved": "https://registry.npmjs.org/yallist/-/yallist-2.1.2.tgz",
      "integrity": "sha1-HBH5IY8HYImkfdUS+TxmmaaoHVI="
    },
    "yargs": {
      "version": "1.2.6",
      "resolved": "https://registry.npmjs.org/yargs/-/yargs-1.2.6.tgz",
      "integrity": "sha1-nHtKgv1dWVsr8Xq23MQxNUMv40s=",
      "requires": {
        "minimist": "^0.1.0"
      },
      "dependencies": {
        "minimist": {
          "version": "0.1.0",
          "resolved": "https://registry.npmjs.org/minimist/-/minimist-0.1.0.tgz",
          "integrity": "sha1-md9lelJXTCHJBXSX33QnkLK0wN4="
        }
      }
    }
  }
}
